
Microsoft Visual Studio Solution File, Format Version 12.00
# Visual Studio Version 16
VisualStudioVersion = 16.0.29009.5
MinimumVisualStudioVersion = 10.0.40219.1
Project("{FAE04EC0-301F-11D3-BF4B-00C04F79EFBC}") = "VueJSTests", "VueJSTests\VueJSTests.csproj", "{32916905-092D-4BA0-BA6E-643AF836F386}"
EndProject
Global
	GlobalSection(SolutionConfigurationPlatforms) = preSolution
		Debug|Any CPU = Debug|Any CPU
		Release|Any CPU = Release|Any CPU
	EndGlobalSection
	GlobalSection(ProjectConfigurationPlatforms) = postSolution
		{32916905-092D-4BA0-BA6E-643AF836F386}.Debug|Any CPU.ActiveCfg = Debug|Any CPU
		{32916905-092D-4BA0-BA6E-643AF836F386}.Debug|Any CPU.Build.0 = Debug|Any CPU
		{32916905-092D-4BA0-BA6E-643AF836F386}.Release|Any CPU.ActiveCfg = Release|Any CPU
		{32916905-092D-4BA0-BA6E-643AF836F386}.Release|Any CPU.Build.0 = Release|Any CPU
	EndGlobalSection
	GlobalSection(SolutionProperties) = preSolution
		HideSolutionNode = FALSE
	EndGlobalSection
	GlobalSection(ExtensibilityGlobals) = postSolution
		SolutionGuid = {7B852307-0BB4-4A16-8582-3B8C752777E6}
	EndGlobalSection
EndGlobal
